{
  "version": 4,
  "terraform_version": "1.12.6",
  "serial": 40,
  "lineage": "d1d83af3-a662-a001-29d0-8f5e956cb938",
  "outputs": {
    "server_names": {
      "value": [
        "skynet-rancher-01",
        "skynet-rancher-02",
        "skynet-rancher-03"
      ],
      "type": [
        "tuple",
        [
          "string",
          "string",
          "string"
        ]
      ]
    },
    "server_private_ipv4": {
      "value": {
        "skynet_rancher_01": "10.0.1.4",
        "skynet_rancher_02": "10.0.1.2",
        "skynet_rancher_03": "10.0.1.3"
      },
      "type": [
        "object",
        {
          "skynet_rancher_01": "string",
          "skynet_rancher_02": "string",
          "skynet_rancher_03": "string"
        }
      ]
    },
    "server_public_ipv4": {
      "value": {
        "skynet_rancher_01": "46.224.157.0",
        "skynet_rancher_02": "46.224.157.115",
        "skynet_rancher_03": "46.224.153.194"
      },
      "type": [
        "object",
        {
          "skynet_rancher_01": "string",
          "skynet_rancher_02": "string",
          "skynet_rancher_03": "string"
        }
      ]
    }
  },
  "resources": [
    {
      "mode": "data",
      "type": "hcloud_ssh_key",
      "name": "rancher_key",
      "provider": "provider[\"registry.opentofu.org/hetznercloud/hcloud\"]",
      "instances": [
        {
          "schema_version": 0,
          "attributes": {
            "fingerprint": "52:87:70:b6:c2:e8:15:77:b2:f6:3b:cb:a3:94:60:f5",
            "id": 108467314,
            "labels": {},
            "name": "ranchertest01",
            "public_key": "ssh-ed25519 AAAAC3NzaC1lZDI1NTE5AAAAIA7uABxdcDmWoTc9BJKWJOARVWFoqrwvcoXrIX0Ss+Do",
            "selector": null,
            "with_selector": null
          },
          "sensitive_attributes": []
        }
      ]
    },
    {
      "mode": "managed",
      "type": "hcloud_firewall",
      "name": "rancher",
      "provider": "provider[\"registry.opentofu.org/hetznercloud/hcloud\"]",
      "instances": [
        {
          "schema_version": 0,
          "attributes": {
            "apply_to": [
              {
                "label_selector": "",
                "server": 123421703
              },
              {
                "label_selector": "",
                "server": 123421704
              },
              {
                "label_selector": "",
                "server": 123421705
              }
            ],
            "id": "10680460",
            "labels": {},
            "name": "rancher-fw",
            "rule": [
              {
                "description": "",
                "destination_ips": [],
                "direction": "in",
                "port": "",
                "protocol": "icmp",
                "source_ips": [
                  "0.0.0.0/0",
                  "::/0"
                ]
              },
              {
                "description": "Tailscale direct",
                "destination_ips": [],
                "direction": "in",
                "port": "41641",
                "protocol": "udp",
                "source_ips": [
                  "0.0.0.0/0",
                  "::/0"
                ]
              },
              {
                "description": "flannel VXLAN between rancher nodes (uses public IPs)",
                "destination_ips": [],
                "direction": "in",
                "port": "8472",
                "protocol": "udp",
                "source_ips": [
                  "46.224.153.194/32",
                  "46.224.157.0/32",
                  "46.224.157.115/32"
                ]
              },
              {
                "description": "rancher-net",
                "destination_ips": [],
                "direction": "in",
                "port": "any",
                "protocol": "tcp",
                "source_ips": [
                  "10.0.0.0/16"
                ]
              },
              {
                "description": "rancher-net",
                "destination_ips": [],
                "direction": "in",
                "port": "any",
                "protocol": "udp",
                "source_ips": [
                  "10.0.0.0/16"
                ]
              }
            ]
          },
          "sensitive_attributes": [],
          "private": "bnVsbA==",
          "dependencies": [
            "data.hcloud_ssh_key.rancher_key",
            "hcloud_server.nodes"
          ]
        }
      ]
    },
    {
      "mode": "managed",
      "type": "hcloud_firewall_attachment",
      "name": "nodes",
      "provider": "provider[\"registry.opentofu.org/hetznercloud/hcloud\"]",
      "instances": [
        {
          "schema_version": 0,
          "attributes": {
            "firewall_id": 10680460,
            "id": "10680460",
            "label_selectors": [],
            "server_ids": [
              123421703,
              123421704,
              123421705
            ]
          },
          "sensitive_attributes": [],
          "private": "bnVsbA==",
          "dependencies": [
            "data.hcloud_ssh_key.rancher_key",
            "hcloud_firewall.rancher",
            "hcloud_server.nodes"
          ]
        }
      ]
    },
    {
      "mode": "managed",
      "type": "hcloud_network",
      "name": "rancher",
      "provider": "provider[\"registry.opentofu.org/hetznercloud/hcloud\"]",
      "instances": [
        {
          "schema_version": 0,
          "attributes": {
            "delete_protection": false,
            "expose_routes_to_vswitch": false,
            "id": "12020354",
            "ip_range": "10.0.0.0/16",
            "labels": {},
            "name": "rancher-net"
          },
          "sensitive_attributes": [],
          "private": "bnVsbA=="
        }
      ]
    },
    {
      "mode": "managed",
      "type": "hcloud_network_subnet",
      "name": "rancher_nodes",
      "provider": "provider[\"registry.opentofu.org/hetznercloud/hcloud\"]",
      "instances": [
        {
          "schema_version": 0,
          "attributes": {
            "gateway": "10.0.0.1",
            "id": "12020354-10.0.1.0/24",
            "ip_range": "10.0.1.0/24",
            "network_id": 12020354,
            "network_zone": "eu-central",
            "type": "cloud",
            "vswitch_id": null
          },
          "sensitive_attributes": [],
          "private": "bnVsbA==",
          "dependencies": [
            "hcloud_network.rancher"
          ]
        }
      ]
    },
    {
      "mode": "managed",
      "type": "hcloud_server",
      "name": "nodes",
      "provider": "provider[\"registry.opentofu.org/hetznercloud/hcloud\"]",
      "instances": [
        {
          "index_key": "skynet_rancher_01",
          "schema_version": 0,
          "attributes": {
            "allow_deprecated_images": null,
            "backup_window": "",
            "backups": false,
            "datacenter": null,
            "delete_protection": false,
            "firewall_ids": [
              10680460
            ],
            "id": "123421703",
            "ignore_remote_firewall_ids": null,
            "image": "ubuntu-24.04",
            "ipv4_address": "46.224.157.0",
            "ipv6_address": "",
            "ipv6_network": "\u003cnil\u003e",
            "iso": null,
            "keep_disk": null,
            "labels": {},
            "location": "nbg1",
            "name": "skynet-rancher-01",
            "network": [],
            "placement_group_id": 0,
            "primary_disk_size": 320,
            "public_net": [],
            "rebuild_protection": false,
            "rescue": null,
            "server_type": "cpx42",
            "shutdown_before_deletion": null,
            "ssh_keys": null,
            "status": "running",
            "timeouts": null,
            "user_data": null
          },
          "sensitive_attributes": [],
          "private": "eyJlMmJmYjczMC1lY2FhLTExZTYtOGY4OC0zNDM2M2JjN2M0YzAiOnsiY3JlYXRlIjo1NDAwMDAwMDAwMDAwfSwic2NoZW1hX3ZlcnNpb24iOiIwIn0=",
          "dependencies": [
            "data.hcloud_ssh_key.rancher_key"
          ]
        },
        {
          "index_key": "skynet_rancher_02",
          "schema_version": 0,
          "attributes": {
            "allow_deprecated_images": null,
            "backup_window": "",
            "backups": false,
            "datacenter": null,
            "delete_protection": false,
            "firewall_ids": [
              10680460
            ],
            "id": "123421704",
            "ignore_remote_firewall_ids": null,
            "image": "ubuntu-24.04",
            "ipv4_address": "46.224.157.115",
            "ipv6_address": "",
            "ipv6_network": "\u003cnil\u003e",
            "iso": null,
            "keep_disk": null,
            "labels": {},
            "location": "nbg1",
            "name": "skynet-rancher-02",
            "network": [],
            "placement_group_id": 0,
            "primary_disk_size": 320,
            "public_net": [],
            "rebuild_protection": false,
            "rescue": null,
            "server_type": "cpx42",
            "shutdown_before_deletion": null,
            "ssh_keys": null,
            "status": "running",
            "timeouts": null,
            "user_data": null
          },
          "sensitive_attributes": [],
          "private": "eyJlMmJmYjczMC1lY2FhLTExZTYtOGY4OC0zNDM2M2JjN2M0YzAiOnsiY3JlYXRlIjo1NDAwMDAwMDAwMDAwfSwic2NoZW1hX3ZlcnNpb24iOiIwIn0=",
          "dependencies": [
            "data.hcloud_ssh_key.rancher_key"
          ]
        },
        {
          "index_key": "skynet_rancher_03",
          "schema_version": 0,
          "attributes": {
            "allow_deprecated_images": null,
            "backup_window": "",
            "backups": false,
            "datacenter": null,
            "delete_protection": false,
            "firewall_ids": [
              10680460
            ],
            "id": "123421705",
            "ignore_remote_firewall_ids": null,
            "image": "ubuntu-24.04",
            "ipv4_address": "46.224.153.194",
            "ipv6_address": "",
            "ipv6_network": "\u003cnil\u003e",
            "iso": null,
            "keep_disk": null,
            "labels": {},
            "location": "nbg1",
            "name": "skynet-rancher-03",
            "network": [],
            "placement_group_id": 0,
            "primary_disk_size": 320,
            "public_net": [],
            "rebuild_protection": false,
            "rescue": null,
            "server_type": "cpx42",
            "shutdown_before_deletion": null,
            "ssh_keys": null,
            "status": "running",
            "timeouts": null,
            "user_data": null
          },
          "sensitive_attributes": [],
          "private": "eyJlMmJmYjczMC1lY2FhLTExZTYtOGY4OC0zNDM2M2JjN2M0YzAiOnsiY3JlYXRlIjo1NDAwMDAwMDAwMDAwfSwic2NoZW1hX3ZlcnNpb24iOiIwIn0=",
          "dependencies": [
            "data.hcloud_ssh_key.rancher_key"
          ]
        }
      ]
    },
    {
      "mode": "managed",
      "type": "hcloud_server_network",
      "name": "nodes",
      "provider": "provider[\"registry.opentofu.org/hetznercloud/hcloud\"]",
      "instances": [
        {
          "index_key": "skynet_rancher_01",
          "schema_version": 0,
          "attributes": {
            "alias_ips": [],
            "id": "123421703-12020354",
            "ip": "10.0.1.4",
            "mac_address": "86:00:00:71:4d:ed",
            "network_id": 12020354,
            "server_id": 123421703,
            "subnet_id": null
          },
          "sensitive_attributes": [],
          "dependencies": [
            "data.hcloud_ssh_key.rancher_key",
            "hcloud_network.rancher",
            "hcloud_server.nodes"
          ]
        },
        {
          "index_key": "skynet_rancher_02",
          "schema_version": 0,
          "attributes": {
            "alias_ips": [],
            "id": "123421704-12020354",
            "ip": "10.0.1.2",
            "mac_address": "86:00:00:71:4d:ef",
            "network_id": 12020354,
            "server_id": 123421704,
            "subnet_id": null
          },
          "sensitive_attributes": [],
          "dependencies": [
            "data.hcloud_ssh_key.rancher_key",
            "hcloud_network.rancher",
            "hcloud_server.nodes"
          ]
        },
        {
          "index_key": "skynet_rancher_03",
          "schema_version": 0,
          "attributes": {
            "alias_ips": [],
            "id": "123421705-12020354",
            "ip": "10.0.1.3",
            "mac_address": "86:00:00:71:4d:ee",
            "network_id": 12020354,
            "server_id": 123421705,
            "subnet_id": null
          },
          "sensitive_attributes": [],
          "dependencies": [
            "data.hcloud_ssh_key.rancher_key",
            "hcloud_network.rancher",
            "hcloud_server.nodes"
          ]
        }
      ]
    }
  ],
  "check_results": null
}

