{"version":4,"terraform_version":"1.11.5","serial":36,"lineage":"d1d83af3-a662-a001-29d0-8f5e956cb938","outputs":{"server_names":{"value":["skyney-rancher-1","skyney-rancher-2","skyney-rancher-3"],"type":["tuple",["string","string","string"]]},"server_private_ipv4":{"value":{"skyney_rancher_1":"10.0.1.11","skyney_rancher_2":"10.0.1.12","skyney_rancher_3":"10.0.1.13"},"type":["object",{"skyney_rancher_1":"string","skyney_rancher_2":"string","skyney_rancher_3":"string"}]},"server_public_ipv4":{"value":{"skyney_rancher_1":"46.224.157.115","skyney_rancher_2":"46.224.157.0","skyney_rancher_3":"46.224.153.194"},"type":["object",{"skyney_rancher_1":"string","skyney_rancher_2":"string","skyney_rancher_3":"string"}]}},"resources":[{"mode":"data","type":"hcloud_ssh_key","name":"rancher_key","provider":"provider[\"registry.opentofu.org/hetznercloud/hcloud\"]","instances":[{"schema_version":0,"attributes":{"fingerprint":"52:87:70:b6:c2:e8:15:77:b2:f6:3b:cb:a3:94:60:f5","id":108467314,"labels":{},"name":"ranchertest01","public_key":"ssh-ed25519 AAAAC3NzaC1lZDI1NTE5AAAAIA7uABxdcDmWoTc9BJKWJOARVWFoqrwvcoXrIX0Ss+Do","selector":null,"with_selector":null},"sensitive_attributes":[]}]},{"mode":"managed","type":"hcloud_firewall","name":"rancher","provider":"provider[\"registry.opentofu.org/hetznercloud/hcloud\"]","instances":[{"schema_version":0,"attributes":{"apply_to":[],"id":"10680460","labels":{},"name":"rancher-fw","rule":[{"description":"","destination_ips":[],"direction":"in","port":"22","protocol":"tcp","source_ips":["0.0.0.0/0"]},{"description":"","destination_ips":[],"direction":"in","port":"443","protocol":"tcp","source_ips":["0.0.0.0/0"]},{"description":"","destination_ips":[],"direction":"in","port":"6443","protocol":"tcp","source_ips":["0.0.0.0/0"]},{"description":"","destination_ips":[],"direction":"in","port":"80","protocol":"tcp","source_ips":["0.0.0.0/0"]},{"description":"","destination_ips":[],"direction":"in","port":"any","protocol":"tcp","source_ips":["10.0.1.0/24"]},{"description":"","destination_ips":[],"direction":"in","port":"any","protocol":"udp","source_ips":["10.0.1.0/24"]}]},"sensitive_attributes":[],"private":"bnVsbA=="}]},{"mode":"managed","type":"hcloud_firewall_attachment","name":"nodes","provider":"provider[\"registry.opentofu.org/hetznercloud/hcloud\"]","instances":[{"schema_version":0,"attributes":{"firewall_id":10680460,"id":"10680460","label_selectors":[],"server_ids":[123388637,123388638,123388639]},"sensitive_attributes":[],"private":"bnVsbA==","dependencies":["data.hcloud_ssh_key.rancher_key","hcloud_firewall.rancher","hcloud_server.nodes"]}]},{"mode":"managed","type":"hcloud_network","name":"rancher","provider":"provider[\"registry.opentofu.org/hetznercloud/hcloud\"]","instances":[{"schema_version":0,"attributes":{"delete_protection":false,"expose_routes_to_vswitch":false,"id":"12020354","ip_range":"10.0.0.0/16","labels":{},"name":"rancher-net"},"sensitive_attributes":[],"private":"bnVsbA=="}]},{"mode":"managed","type":"hcloud_network_subnet","name":"rancher_nodes","provider":"provider[\"registry.opentofu.org/hetznercloud/hcloud\"]","instances":[{"schema_version":0,"attributes":{"gateway":"10.0.0.1","id":"12020354-10.0.1.0/24","ip_range":"10.0.1.0/24","network_id":12020354,"network_zone":"eu-central","type":"cloud","vswitch_id":null},"sensitive_attributes":[],"private":"bnVsbA==","dependencies":["hcloud_network.rancher"]}]},{"mode":"managed","type":"hcloud_server","name":"nodes","provider":"provider[\"registry.opentofu.org/hetznercloud/hcloud\"]","instances":[{"index_key":"skyney_rancher_1","schema_version":0,"attributes":{"allow_deprecated_images":false,"backup_window":"","backups":false,"datacenter":"nbg1-dc3","delete_protection":false,"firewall_ids":[],"id":"123388639","ignore_remote_firewall_ids":false,"image":"ubuntu-24.04","ipv4_address":"46.224.157.115","ipv6_address":"","ipv6_network":"\u003cnil\u003e","iso":null,"keep_disk":false,"labels":{"cluster":"rancher","name":"skyney-rancher-1"},"location":"nbg1","name":"skyney-rancher-1","network":[],"placement_group_id":0,"primary_disk_size":320,"public_net":[{"ipv4":0,"ipv4_enabled":true,"ipv6":0,"ipv6_enabled":false}],"rebuild_protection":false,"rescue":null,"server_type":"cpx42","shutdown_before_deletion":false,"ssh_keys":["108467314"],"status":"running","timeouts":null,"user_data":null},"sensitive_attributes":[],"private":"eyJlMmJmYjczMC1lY2FhLTExZTYtOGY4OC0zNDM2M2JjN2M0YzAiOnsiY3JlYXRlIjo1NDAwMDAwMDAwMDAwfX0=","dependencies":["data.hcloud_ssh_key.rancher_key"]},{"index_key":"skyney_rancher_2","schema_version":0,"attributes":{"allow_deprecated_images":false,"backup_window":"","backups":false,"datacenter":"nbg1-dc3","delete_protection":false,"firewall_ids":[],"id":"123388638","ignore_remote_firewall_ids":false,"image":"ubuntu-24.04","ipv4_address":"46.224.157.0","ipv6_address":"","ipv6_network":"\u003cnil\u003e","iso":null,"keep_disk":false,"labels":{"cluster":"rancher","name":"skyney-rancher-2"},"location":"nbg1","name":"skyney-rancher-2","network":[],"placement_group_id":0,"primary_disk_size":320,"public_net":[{"ipv4":0,"ipv4_enabled":true,"ipv6":0,"ipv6_enabled":false}],"rebuild_protection":false,"rescue":null,"server_type":"cpx42","shutdown_before_deletion":false,"ssh_keys":["108467314"],"status":"running","timeouts":null,"user_data":null},"sensitive_attributes":[],"private":"eyJlMmJmYjczMC1lY2FhLTExZTYtOGY4OC0zNDM2M2JjN2M0YzAiOnsiY3JlYXRlIjo1NDAwMDAwMDAwMDAwfX0=","dependencies":["data.hcloud_ssh_key.rancher_key"]},{"index_key":"skyney_rancher_3","schema_version":0,"attributes":{"allow_deprecated_images":false,"backup_window":"","backups":false,"datacenter":"nbg1-dc3","delete_protection":false,"firewall_ids":[],"id":"123388637","ignore_remote_firewall_ids":false,"image":"ubuntu-24.04","ipv4_address":"46.224.153.194","ipv6_address":"","ipv6_network":"\u003cnil\u003e","iso":null,"keep_disk":false,"labels":{"cluster":"rancher","name":"skyney-rancher-3"},"location":"nbg1","name":"skyney-rancher-3","network":[],"placement_group_id":0,"primary_disk_size":320,"public_net":[{"ipv4":0,"ipv4_enabled":true,"ipv6":0,"ipv6_enabled":false}],"rebuild_protection":false,"rescue":null,"server_type":"cpx42","shutdown_before_deletion":false,"ssh_keys":["108467314"],"status":"running","timeouts":null,"user_data":null},"sensitive_attributes":[],"private":"eyJlMmJmYjczMC1lY2FhLTExZTYtOGY4OC0zNDM2M2JjN2M0YzAiOnsiY3JlYXRlIjo1NDAwMDAwMDAwMDAwfX0=","dependencies":["data.hcloud_ssh_key.rancher_key"]}]},{"mode":"managed","type":"hcloud_server_network","name":"nodes","provider":"provider[\"registry.opentofu.org/hetznercloud/hcloud\"]","instances":[{"index_key":"skyney_rancher_1","schema_version":0,"attributes":{"alias_ips":[],"id":"123388639-12020354","ip":"10.0.1.11","mac_address":"86:00:00:71:6f:35","network_id":12020354,"server_id":123388639,"subnet_id":null},"sensitive_attributes":[],"dependencies":["data.hcloud_ssh_key.rancher_key","hcloud_network.rancher","hcloud_server.nodes"]},{"index_key":"skyney_rancher_2","schema_version":0,"attributes":{"alias_ips":[],"id":"123388638-12020354","ip":"10.0.1.12","mac_address":"86:00:00:71:6f:36","network_id":12020354,"server_id":123388638,"subnet_id":null},"sensitive_attributes":[],"dependencies":["data.hcloud_ssh_key.rancher_key","hcloud_network.rancher","hcloud_server.nodes"]},{"index_key":"skyney_rancher_3","schema_version":0,"attributes":{"alias_ips":[],"id":"123388637-12020354","ip":"10.0.1.13","mac_address":"86:00:00:71:6f:34","network_id":12020354,"server_id":123388637,"subnet_id":null},"sensitive_attributes":[],"dependencies":["data.hcloud_ssh_key.rancher_key","hcloud_network.rancher","hcloud_server.nodes"]}]}],"check_results":null}
