{"version":4,"terraform_version":"1.11.5","serial":11,"lineage":"3b6347ab-ce46-320c-8e87-6890b085bc5f","outputs":{"manager_public_ip":{"value":"65.21.0.233","type":"string"},"server_names":{"value":["rnch01","rnch02","rnch03","rnch04"],"type":["tuple",["string","string","string","string"]]},"server_private_ipv4":{"value":{"rnch01":"10.10.1.11","rnch02":"10.10.1.12","rnch03":"10.10.1.13","rnch04":"10.10.1.14"},"type":["object",{"rnch01":"string","rnch02":"string","rnch03":"string","rnch04":"string"}]},"server_public_ipv4":{"value":{"rnch01":"65.21.0.233","rnch02":"157.180.91.216","rnch03":"89.167.63.163","rnch04":"89.167.120.79"},"type":["object",{"rnch01":"string","rnch02":"string","rnch03":"string","rnch04":"string"}]}},"resources":[{"mode":"data","type":"hcloud_ssh_key","name":"rancher_key","provider":"provider[\"registry.opentofu.org/hetznercloud/hcloud\"]","instances":[{"schema_version":0,"attributes":{"fingerprint":"52:87:70:b6:c2:e8:15:77:b2:f6:3b:cb:a3:94:60:f5","id":108467314,"labels":{},"name":"ranchertest01","public_key":"ssh-ed25519 AAAAC3NzaC1lZDI1NTE5AAAAIA7uABxdcDmWoTc9BJKWJOARVWFoqrwvcoXrIX0Ss+Do","selector":null,"with_selector":null},"sensitive_attributes":[]}]},{"mode":"managed","type":"hcloud_firewall","name":"rke2","provider":"provider[\"registry.opentofu.org/hetznercloud/hcloud\"]","instances":[{"schema_version":0,"attributes":{"apply_to":[{"label_selector":"","server":122966831},{"label_selector":"","server":122966832},{"label_selector":"","server":122966833},{"label_selector":"","server":122966834}],"id":"10650031","labels":{},"name":"rke2-cluster-fw","rule":[{"description":"","destination_ips":[],"direction":"in","port":"9345","protocol":"tcp","source_ips":["10.10.1.0/24","157.180.91.216/32","65.21.0.233/32","89.167.120.79/32","89.167.63.163/32"]},{"description":null,"destination_ips":[],"direction":"in","port":"10250","protocol":"tcp","source_ips":["10.10.1.0/24"]},{"description":null,"destination_ips":[],"direction":"in","port":"22","protocol":"tcp","source_ips":["0.0.0.0/0","::/0"]},{"description":null,"destination_ips":[],"direction":"in","port":"2379-2380","protocol":"tcp","source_ips":["10.10.1.0/24"]},{"description":null,"destination_ips":[],"direction":"in","port":"30000-32767","protocol":"tcp","source_ips":["0.0.0.0/0","::/0"]},{"description":null,"destination_ips":[],"direction":"in","port":"30000-32767","protocol":"udp","source_ips":["0.0.0.0/0","::/0"]},{"description":null,"destination_ips":[],"direction":"in","port":"6443","protocol":"tcp","source_ips":["0.0.0.0/0","::/0"]},{"description":null,"destination_ips":[],"direction":"in","port":"8472","protocol":"udp","source_ips":["10.10.1.0/24"]}]},"sensitive_attributes":[],"private":"bnVsbA==","dependencies":["data.hcloud_ssh_key.rancher_key","hcloud_server.nodes"]}]},{"mode":"managed","type":"hcloud_firewall_attachment","name":"nodes","provider":"provider[\"registry.opentofu.org/hetznercloud/hcloud\"]","instances":[{"schema_version":0,"attributes":{"firewall_id":10650031,"id":"10650031","label_selectors":[],"server_ids":[122966831,122966832,122966833,122966834]},"sensitive_attributes":[],"private":"bnVsbA==","dependencies":["data.hcloud_ssh_key.rancher_key","hcloud_firewall.rke2","hcloud_server.nodes"]}]},{"mode":"managed","type":"hcloud_network","name":"rke2","provider":"provider[\"registry.opentofu.org/hetznercloud/hcloud\"]","instances":[{"schema_version":0,"attributes":{"delete_protection":false,"expose_routes_to_vswitch":false,"id":"12006642","ip_range":"10.10.0.0/16","labels":{},"name":"rke2-net"},"sensitive_attributes":[],"private":"bnVsbA=="}]},{"mode":"managed","type":"hcloud_network_subnet","name":"rke2_nodes","provider":"provider[\"registry.opentofu.org/hetznercloud/hcloud\"]","instances":[{"schema_version":0,"attributes":{"gateway":"10.10.0.1","id":"12006642-10.10.1.0/24","ip_range":"10.10.1.0/24","network_id":12006642,"network_zone":"eu-central","type":"cloud","vswitch_id":null},"sensitive_attributes":[],"private":"bnVsbA==","dependencies":["hcloud_network.rke2"]}]},{"mode":"managed","type":"hcloud_server","name":"nodes","provider":"provider[\"registry.opentofu.org/hetznercloud/hcloud\"]","instances":[{"index_key":"rnch01","schema_version":0,"attributes":{"allow_deprecated_images":false,"backup_window":"","backups":false,"datacenter":"hel1-dc2","delete_protection":false,"firewall_ids":[10650031],"id":"122966831","ignore_remote_firewall_ids":false,"image":"ubuntu-24.04","ipv4_address":"65.21.0.233","ipv6_address":"","ipv6_network":"\u003cnil\u003e","iso":null,"keep_disk":false,"labels":{"cluster":"rke2-demo","name":"rnch01","role":"manager"},"location":"hel1","name":"rnch01","network":[],"placement_group_id":0,"primary_disk_size":80,"public_net":[{"ipv4":0,"ipv4_enabled":true,"ipv6":0,"ipv6_enabled":false}],"rebuild_protection":false,"rescue":null,"server_type":"cx33","shutdown_before_deletion":false,"ssh_keys":["108467314"],"status":"running","timeouts":null,"user_data":"WsGiJjxT96iqWAIysZ/oqR4nT0o="},"sensitive_attributes":[],"private":"eyJlMmJmYjczMC1lY2FhLTExZTYtOGY4OC0zNDM2M2JjN2M0YzAiOnsiY3JlYXRlIjo1NDAwMDAwMDAwMDAwfX0=","dependencies":["data.hcloud_ssh_key.rancher_key"]},{"index_key":"rnch02","schema_version":0,"attributes":{"allow_deprecated_images":false,"backup_window":"","backups":false,"datacenter":"hel1-dc2","delete_protection":false,"firewall_ids":[10650031],"id":"122966832","ignore_remote_firewall_ids":false,"image":"ubuntu-24.04","ipv4_address":"157.180.91.216","ipv6_address":"","ipv6_network":"\u003cnil\u003e","iso":null,"keep_disk":false,"labels":{"cluster":"rke2-demo","name":"rnch02","role":"worker"},"location":"hel1","name":"rnch02","network":[],"placement_group_id":0,"primary_disk_size":80,"public_net":[{"ipv4":0,"ipv4_enabled":true,"ipv6":0,"ipv6_enabled":false}],"rebuild_protection":false,"rescue":null,"server_type":"cx33","shutdown_before_deletion":false,"ssh_keys":["108467314"],"status":"running","timeouts":null,"user_data":"zNfiySuNYhfoMYmAZ0oxj7Xu/9A="},"sensitive_attributes":[],"private":"eyJlMmJmYjczMC1lY2FhLTExZTYtOGY4OC0zNDM2M2JjN2M0YzAiOnsiY3JlYXRlIjo1NDAwMDAwMDAwMDAwfX0=","dependencies":["data.hcloud_ssh_key.rancher_key"]},{"index_key":"rnch03","schema_version":0,"attributes":{"allow_deprecated_images":false,"backup_window":"","backups":false,"datacenter":"hel1-dc2","delete_protection":false,"firewall_ids":[10650031],"id":"122966833","ignore_remote_firewall_ids":false,"image":"ubuntu-24.04","ipv4_address":"89.167.63.163","ipv6_address":"","ipv6_network":"\u003cnil\u003e","iso":null,"keep_disk":false,"labels":{"cluster":"rke2-demo","name":"rnch03","role":"worker"},"location":"hel1","name":"rnch03","network":[],"placement_group_id":0,"primary_disk_size":80,"public_net":[{"ipv4":0,"ipv4_enabled":true,"ipv6":0,"ipv6_enabled":false}],"rebuild_protection":false,"rescue":null,"server_type":"cx33","shutdown_before_deletion":false,"ssh_keys":["108467314"],"status":"running","timeouts":null,"user_data":"CIhZNum0LshMm2zUVgKa5zXQLWM="},"sensitive_attributes":[],"private":"eyJlMmJmYjczMC1lY2FhLTExZTYtOGY4OC0zNDM2M2JjN2M0YzAiOnsiY3JlYXRlIjo1NDAwMDAwMDAwMDAwfX0=","dependencies":["data.hcloud_ssh_key.rancher_key"]},{"index_key":"rnch04","schema_version":0,"attributes":{"allow_deprecated_images":false,"backup_window":"","backups":false,"datacenter":"hel1-dc2","delete_protection":false,"firewall_ids":[10650031],"id":"122966834","ignore_remote_firewall_ids":false,"image":"ubuntu-24.04","ipv4_address":"89.167.120.79","ipv6_address":"","ipv6_network":"\u003cnil\u003e","iso":null,"keep_disk":false,"labels":{"cluster":"rke2-demo","name":"rnch04","role":"worker"},"location":"hel1","name":"rnch04","network":[],"placement_group_id":0,"primary_disk_size":80,"public_net":[{"ipv4":0,"ipv4_enabled":true,"ipv6":0,"ipv6_enabled":false}],"rebuild_protection":false,"rescue":null,"server_type":"cx33","shutdown_before_deletion":false,"ssh_keys":["108467314"],"status":"running","timeouts":null,"user_data":"16JhBj051tyYY438F1w7Vh+KTDM="},"sensitive_attributes":[],"private":"eyJlMmJmYjczMC1lY2FhLTExZTYtOGY4OC0zNDM2M2JjN2M0YzAiOnsiY3JlYXRlIjo1NDAwMDAwMDAwMDAwfX0=","dependencies":["data.hcloud_ssh_key.rancher_key"]}]},{"mode":"managed","type":"hcloud_server_network","name":"nodes","provider":"provider[\"registry.opentofu.org/hetznercloud/hcloud\"]","instances":[{"index_key":"rnch01","schema_version":0,"attributes":{"alias_ips":[],"id":"122966831-12006642","ip":"10.10.1.11","mac_address":"86:00:00:72:f5:8e","network_id":12006642,"server_id":122966831,"subnet_id":null},"sensitive_attributes":[],"dependencies":["data.hcloud_ssh_key.rancher_key","hcloud_network.rke2","hcloud_server.nodes"]},{"index_key":"rnch02","schema_version":0,"attributes":{"alias_ips":[],"id":"122966832-12006642","ip":"10.10.1.12","mac_address":"86:00:00:72:f5:8c","network_id":12006642,"server_id":122966832,"subnet_id":null},"sensitive_attributes":[],"dependencies":["data.hcloud_ssh_key.rancher_key","hcloud_network.rke2","hcloud_server.nodes"]},{"index_key":"rnch03","schema_version":0,"attributes":{"alias_ips":[],"id":"122966833-12006642","ip":"10.10.1.13","mac_address":"86:00:00:72:f5:8d","network_id":12006642,"server_id":122966833,"subnet_id":null},"sensitive_attributes":[],"dependencies":["data.hcloud_ssh_key.rancher_key","hcloud_network.rke2","hcloud_server.nodes"]},{"index_key":"rnch04","schema_version":0,"attributes":{"alias_ips":[],"id":"122966834-12006642","ip":"10.10.1.14","mac_address":"86:00:00:72:f5:8f","network_id":12006642,"server_id":122966834,"subnet_id":null},"sensitive_attributes":[],"dependencies":["data.hcloud_ssh_key.rancher_key","hcloud_network.rke2","hcloud_server.nodes"]}]}],"check_results":null}
