{"version":4,"terraform_version":"1.11.5","serial":2,"lineage":"426b66d0-1c90-eddc-26de-f337e9abcebe","outputs":{"manager_public_ip":{"value":"138.199.152.153","type":"string"},"server_names":{"value":["octo-test02-n01","octo-test02-n02","octo-test02-n03","octo-test02-n04"],"type":["tuple",["string","string","string","string"]]},"server_private_ipv4":{"value":{"node01":"10.10.1.11","node02":"10.10.1.12","node03":"10.10.1.13","node04":"10.10.1.14"},"type":["object",{"node01":"string","node02":"string","node03":"string","node04":"string"}]},"server_public_ipv4":{"value":{"node01":"138.199.152.153","node02":"138.199.225.78","node03":"88.99.34.196","node04":"157.90.145.17"},"type":["object",{"node01":"string","node02":"string","node03":"string","node04":"string"}]},"tailscale_nodes_to_remove_after_destroy":{"value":["octo-test02-n01","octo-test02-n02","octo-test02-n03","octo-test02-n04"],"type":["tuple",["string","string","string","string"]]}},"resources":[{"mode":"data","type":"hcloud_ssh_key","name":"rancher_key","provider":"provider[\"registry.opentofu.org/hetznercloud/hcloud\"]","instances":[{"schema_version":0,"attributes":{"fingerprint":"52:87:70:b6:c2:e8:15:77:b2:f6:3b:cb:a3:94:60:f5","id":108467314,"labels":{},"name":"ranchertest01","public_key":"ssh-ed25519 AAAAC3NzaC1lZDI1NTE5AAAAIA7uABxdcDmWoTc9BJKWJOARVWFoqrwvcoXrIX0Ss+Do","selector":null,"with_selector":null},"sensitive_attributes":[]}]},{"mode":"managed","type":"hcloud_firewall","name":"rke2","provider":"provider[\"registry.opentofu.org/hetznercloud/hcloud\"]","instances":[{"schema_version":0,"attributes":{"apply_to":[],"id":"10721693","labels":{},"name":"rke2-cluster-fw","rule":[{"description":"","destination_ips":[],"direction":"in","port":"10250","protocol":"tcp","source_ips":["10.10.1.0/24"]},{"description":"","destination_ips":[],"direction":"in","port":"22","protocol":"tcp","source_ips":["0.0.0.0/0"]},{"description":"","destination_ips":[],"direction":"in","port":"2379-2380","protocol":"tcp","source_ips":["10.10.1.0/24"]},{"description":"","destination_ips":[],"direction":"in","port":"30000-32767","protocol":"tcp","source_ips":["0.0.0.0/0"]},{"description":"","destination_ips":[],"direction":"in","port":"30000-32767","protocol":"udp","source_ips":["0.0.0.0/0"]},{"description":"","destination_ips":[],"direction":"in","port":"6443","protocol":"tcp","source_ips":["0.0.0.0/0"]},{"description":"","destination_ips":[],"direction":"in","port":"8472","protocol":"udp","source_ips":["10.10.1.0/24"]},{"description":"","destination_ips":[],"direction":"in","port":"9345","protocol":"tcp","source_ips":["10.10.1.0/24"]}]},"sensitive_attributes":[],"private":"bnVsbA=="}]},{"mode":"managed","type":"hcloud_firewall_attachment","name":"nodes","provider":"provider[\"registry.opentofu.org/hetznercloud/hcloud\"]","instances":[{"schema_version":0,"attributes":{"firewall_id":10721693,"id":"10721693","label_selectors":null,"server_ids":[124233630,124233631,124233632,124233633]},"sensitive_attributes":[],"private":"bnVsbA==","dependencies":["data.hcloud_ssh_key.rancher_key","hcloud_firewall.rke2","hcloud_server.nodes","tailscale_tailnet_key.ssh_servers"]}]},{"mode":"managed","type":"hcloud_network","name":"rke2","provider":"provider[\"registry.opentofu.org/hetznercloud/hcloud\"]","instances":[{"schema_version":0,"attributes":{"delete_protection":false,"expose_routes_to_vswitch":false,"id":"12047348","ip_range":"10.10.0.0/16","labels":null,"name":"rke2-net"},"sensitive_attributes":[],"private":"bnVsbA=="}]},{"mode":"managed","type":"hcloud_network_subnet","name":"rke2_nodes","provider":"provider[\"registry.opentofu.org/hetznercloud/hcloud\"]","instances":[{"schema_version":0,"attributes":{"gateway":"10.10.0.1","id":"12047348-10.10.1.0/24","ip_range":"10.10.1.0/24","network_id":12047348,"network_zone":"eu-central","type":"cloud","vswitch_id":null},"sensitive_attributes":[],"private":"bnVsbA==","dependencies":["hcloud_network.rke2"]}]},{"mode":"managed","type":"hcloud_server","name":"nodes","provider":"provider[\"registry.opentofu.org/hetznercloud/hcloud\"]","instances":[{"index_key":"node01","schema_version":0,"attributes":{"allow_deprecated_images":false,"backup_window":"","backups":false,"datacenter":"fsn1-dc14","delete_protection":false,"firewall_ids":[],"id":"124233631","ignore_remote_firewall_ids":false,"image":"ubuntu-24.04","ipv4_address":"138.199.152.153","ipv6_address":"","ipv6_network":"\u003cnil\u003e","iso":null,"keep_disk":false,"labels":{"cluster":"rke2-demo","name":"octo-test02-n01","role":"manager"},"location":"fsn1","name":"octo-test02-n01","network":[],"placement_group_id":0,"primary_disk_size":160,"public_net":[{"ipv4":0,"ipv4_enabled":true,"ipv6":0,"ipv6_enabled":false}],"rebuild_protection":false,"rescue":null,"server_type":"cx43","shutdown_before_deletion":false,"ssh_keys":["108467314"],"status":"running","timeouts":null,"user_data":"CRysRRN/vokMhjY7DTqxSsJ9QCc="},"sensitive_attributes":[[{"type":"get_attr","value":"user_data"}]],"private":"eyJlMmJmYjczMC1lY2FhLTExZTYtOGY4OC0zNDM2M2JjN2M0YzAiOnsiY3JlYXRlIjo1NDAwMDAwMDAwMDAwfX0=","dependencies":["data.hcloud_ssh_key.rancher_key","tailscale_tailnet_key.ssh_servers"]},{"index_key":"node02","schema_version":0,"attributes":{"allow_deprecated_images":false,"backup_window":"","backups":false,"datacenter":"fsn1-dc14","delete_protection":false,"firewall_ids":[],"id":"124233630","ignore_remote_firewall_ids":false,"image":"ubuntu-24.04","ipv4_address":"138.199.225.78","ipv6_address":"","ipv6_network":"\u003cnil\u003e","iso":null,"keep_disk":false,"labels":{"cluster":"rke2-demo","name":"octo-test02-n02","role":"worker"},"location":"fsn1","name":"octo-test02-n02","network":[],"placement_group_id":0,"primary_disk_size":160,"public_net":[{"ipv4":0,"ipv4_enabled":true,"ipv6":0,"ipv6_enabled":false}],"rebuild_protection":false,"rescue":null,"server_type":"cx43","shutdown_before_deletion":false,"ssh_keys":["108467314"],"status":"running","timeouts":null,"user_data":"CRysRRN/vokMhjY7DTqxSsJ9QCc="},"sensitive_attributes":[[{"type":"get_attr","value":"user_data"}]],"private":"eyJlMmJmYjczMC1lY2FhLTExZTYtOGY4OC0zNDM2M2JjN2M0YzAiOnsiY3JlYXRlIjo1NDAwMDAwMDAwMDAwfX0=","dependencies":["data.hcloud_ssh_key.rancher_key","tailscale_tailnet_key.ssh_servers"]},{"index_key":"node03","schema_version":0,"attributes":{"allow_deprecated_images":false,"backup_window":"","backups":false,"datacenter":"fsn1-dc14","delete_protection":false,"firewall_ids":[],"id":"124233633","ignore_remote_firewall_ids":false,"image":"ubuntu-24.04","ipv4_address":"88.99.34.196","ipv6_address":"","ipv6_network":"\u003cnil\u003e","iso":null,"keep_disk":false,"labels":{"cluster":"rke2-demo","name":"octo-test02-n03","role":"worker"},"location":"fsn1","name":"octo-test02-n03","network":[],"placement_group_id":0,"primary_disk_size":160,"public_net":[{"ipv4":0,"ipv4_enabled":true,"ipv6":0,"ipv6_enabled":false}],"rebuild_protection":false,"rescue":null,"server_type":"cx43","shutdown_before_deletion":false,"ssh_keys":["108467314"],"status":"running","timeouts":null,"user_data":"CRysRRN/vokMhjY7DTqxSsJ9QCc="},"sensitive_attributes":[[{"type":"get_attr","value":"user_data"}]],"private":"eyJlMmJmYjczMC1lY2FhLTExZTYtOGY4OC0zNDM2M2JjN2M0YzAiOnsiY3JlYXRlIjo1NDAwMDAwMDAwMDAwfX0=","dependencies":["data.hcloud_ssh_key.rancher_key","tailscale_tailnet_key.ssh_servers"]},{"index_key":"node04","schema_version":0,"attributes":{"allow_deprecated_images":false,"backup_window":"","backups":false,"datacenter":"fsn1-dc14","delete_protection":false,"firewall_ids":[],"id":"124233632","ignore_remote_firewall_ids":false,"image":"ubuntu-24.04","ipv4_address":"157.90.145.17","ipv6_address":"","ipv6_network":"\u003cnil\u003e","iso":null,"keep_disk":false,"labels":{"cluster":"rke2-demo","name":"octo-test02-n04","role":"worker"},"location":"fsn1","name":"octo-test02-n04","network":[],"placement_group_id":0,"primary_disk_size":160,"public_net":[{"ipv4":0,"ipv4_enabled":true,"ipv6":0,"ipv6_enabled":false}],"rebuild_protection":false,"rescue":null,"server_type":"cx43","shutdown_before_deletion":false,"ssh_keys":["108467314"],"status":"running","timeouts":null,"user_data":"CRysRRN/vokMhjY7DTqxSsJ9QCc="},"sensitive_attributes":[[{"type":"get_attr","value":"user_data"}]],"private":"eyJlMmJmYjczMC1lY2FhLTExZTYtOGY4OC0zNDM2M2JjN2M0YzAiOnsiY3JlYXRlIjo1NDAwMDAwMDAwMDAwfX0=","dependencies":["data.hcloud_ssh_key.rancher_key","tailscale_tailnet_key.ssh_servers"]}]},{"mode":"managed","type":"hcloud_server_network","name":"nodes","provider":"provider[\"registry.opentofu.org/hetznercloud/hcloud\"]","instances":[{"index_key":"node01","schema_version":0,"attributes":{"alias_ips":[],"id":"124233631-12047348","ip":"10.10.1.11","mac_address":"86:00:00:6e:9d:09","network_id":12047348,"server_id":124233631,"subnet_id":null},"sensitive_attributes":[],"dependencies":["data.hcloud_ssh_key.rancher_key","hcloud_network.rke2","hcloud_server.nodes","tailscale_tailnet_key.ssh_servers"]},{"index_key":"node02","schema_version":0,"attributes":{"alias_ips":[],"id":"124233630-12047348","ip":"10.10.1.12","mac_address":"86:00:00:6e:9d:0a","network_id":12047348,"server_id":124233630,"subnet_id":null},"sensitive_attributes":[],"dependencies":["data.hcloud_ssh_key.rancher_key","hcloud_network.rke2","hcloud_server.nodes","tailscale_tailnet_key.ssh_servers"]},{"index_key":"node03","schema_version":0,"attributes":{"alias_ips":[],"id":"124233633-12047348","ip":"10.10.1.13","mac_address":"86:00:00:6e:9d:08","network_id":12047348,"server_id":124233633,"subnet_id":null},"sensitive_attributes":[],"dependencies":["data.hcloud_ssh_key.rancher_key","hcloud_network.rke2","hcloud_server.nodes","tailscale_tailnet_key.ssh_servers"]},{"index_key":"node04","schema_version":0,"attributes":{"alias_ips":[],"id":"124233632-12047348","ip":"10.10.1.14","mac_address":"86:00:00:6e:9d:0b","network_id":12047348,"server_id":124233632,"subnet_id":null},"sensitive_attributes":[],"dependencies":["data.hcloud_ssh_key.rancher_key","hcloud_network.rke2","hcloud_server.nodes","tailscale_tailnet_key.ssh_servers"]}]},{"mode":"managed","type":"tailscale_tailnet_key","name":"ssh_servers","provider":"provider[\"registry.opentofu.org/tailscale/tailscale\"]","instances":[{"schema_version":0,"attributes":{"created_at":"2026-03-19T14:13:50Z","description":"Hetzner RKE2 servers ssh-server","ephemeral":false,"expires_at":"2026-06-17T14:13:50Z","expiry":7776000,"id":"ktCrwenvt321CNTRL","invalid":false,"key":"tskey-auth-ktCrwenvt321CNTRL-VeG47T4jZ8bjtXPdfNmJ8bF66gBP1sSBM","preauthorized":true,"recreate_if_invalid":null,"reusable":true,"tags":["tag:ssh-server"],"user_id":"u4w5ahjKKA11CNTRL"},"sensitive_attributes":[[{"type":"get_attr","value":"key"}]],"private":"bnVsbA=="}]}],"check_results":null}
