{
  "version": 4,
  "terraform_version": "1.12.6",
  "serial": 1,
  "lineage": "5f1d1066-295f-7296-3437-71f4cf51947f",
  "outputs": {
    "network_name": {
      "value": "rancher-net",
      "type": "string"
    },
    "server_name": {
      "value": "skynet-haproxy-2",
      "type": "string"
    },
    "server_private_ipv4": {
      "value": "10.0.1.1",
      "type": "string"
    },
    "server_public_ipv4": {
      "value": "46.62.193.126",
      "type": "string"
    }
  },
  "resources": [
    {
      "mode": "data",
      "type": "hcloud_network",
      "name": "rancher_net",
      "provider": "provider[\"registry.opentofu.org/hetznercloud/hcloud\"]",
      "instances": [
        {
          "schema_version": 0,
          "attributes": {
            "delete_protection": false,
            "expose_routes_to_vswitch": false,
            "id": 12020354,
            "ip_range": "10.0.0.0/16",
            "labels": {},
            "most_recent": null,
            "name": "rancher-net",
            "with_selector": null
          },
          "sensitive_attributes": []
        }
      ]
    },
    {
      "mode": "data",
      "type": "hcloud_ssh_key",
      "name": "rancher_key",
      "provider": "provider[\"registry.opentofu.org/hetznercloud/hcloud\"]",
      "instances": [
        {
          "schema_version": 0,
          "attributes": {
            "fingerprint": "52:87:70:b6:c2:e8:15:77:b2:f6:3b:cb:a3:94:60:f5",
            "id": 108467314,
            "labels": {},
            "name": "ranchertest01",
            "public_key": "ssh-ed25519 AAAAC3NzaC1lZDI1NTE5AAAAIA7uABxdcDmWoTc9BJKWJOARVWFoqrwvcoXrIX0Ss+Do",
            "selector": null,
            "with_selector": null
          },
          "sensitive_attributes": []
        }
      ]
    },
    {
      "mode": "managed",
      "type": "hcloud_server",
      "name": "haproxy",
      "provider": "provider[\"registry.opentofu.org/hetznercloud/hcloud\"]",
      "instances": [
        {
          "schema_version": 0,
          "attributes": {
            "allow_deprecated_images": null,
            "backup_window": "",
            "backups": false,
            "datacenter": null,
            "delete_protection": false,
            "firewall_ids": [
              10676999
            ],
            "id": "123391534",
            "ignore_remote_firewall_ids": null,
            "image": "ubuntu-24.04",
            "ipv4_address": "46.62.193.126",
            "ipv6_address": "",
            "ipv6_network": "\u003cnil\u003e",
            "iso": null,
            "keep_disk": null,
            "labels": {},
            "location": "hel1",
            "name": "skynet-haproxy-2",
            "network": [],
            "placement_group_id": 0,
            "primary_disk_size": 80,
            "public_net": [],
            "rebuild_protection": false,
            "rescue": null,
            "server_type": "cx33",
            "shutdown_before_deletion": null,
            "ssh_keys": null,
            "status": "running",
            "timeouts": null,
            "user_data": null
          },
          "sensitive_attributes": [],
          "private": "eyJlMmJmYjczMC1lY2FhLTExZTYtOGY4OC0zNDM2M2JjN2M0YzAiOnsiY3JlYXRlIjo1NDAwMDAwMDAwMDAwfSwic2NoZW1hX3ZlcnNpb24iOiIwIn0=",
          "dependencies": [
            "data.hcloud_ssh_key.rancher_key"
          ]
        }
      ]
    },
    {
      "mode": "managed",
      "type": "hcloud_server_network",
      "name": "haproxy",
      "provider": "provider[\"registry.opentofu.org/hetznercloud/hcloud\"]",
      "instances": [
        {
          "schema_version": 0,
          "attributes": {
            "alias_ips": [],
            "id": "123391534-12020354",
            "ip": "10.0.1.1",
            "mac_address": "86:00:00:71:6b:d6",
            "network_id": 12020354,
            "server_id": 123391534,
            "subnet_id": null
          },
          "sensitive_attributes": [],
          "dependencies": [
            "data.hcloud_network.rancher_net",
            "data.hcloud_ssh_key.rancher_key",
            "hcloud_server.haproxy"
          ]
        }
      ]
    }
  ],
  "check_results": null
}

