{"version":4,"terraform_version":"1.12.6","serial":2,"lineage":"1e60113d-1114-1ea0-9db6-5ff1a55fde96","outputs":{"network_name":{"value":"rancher-net","type":"string"},"server_name":{"value":"skynet-haproxy-1","type":"string"},"server_private_ipv4":{"value":"10.0.1.21","type":"string"},"server_public_ipv4":{"value":"46.225.22.21","type":"string"}},"resources":[{"mode":"data","type":"hcloud_network","name":"rancher_net","provider":"provider[\"registry.opentofu.org/hetznercloud/hcloud\"]","instances":[{"schema_version":0,"attributes":{"delete_protection":false,"expose_routes_to_vswitch":false,"id":12020354,"ip_range":"10.0.0.0/16","labels":{},"most_recent":null,"name":"rancher-net","with_selector":null},"sensitive_attributes":[]}]},{"mode":"data","type":"hcloud_ssh_key","name":"rancher_key","provider":"provider[\"registry.opentofu.org/hetznercloud/hcloud\"]","instances":[{"schema_version":0,"attributes":{"fingerprint":"52:87:70:b6:c2:e8:15:77:b2:f6:3b:cb:a3:94:60:f5","id":108467314,"labels":{},"name":"ranchertest01","public_key":"ssh-ed25519 AAAAC3NzaC1lZDI1NTE5AAAAIA7uABxdcDmWoTc9BJKWJOARVWFoqrwvcoXrIX0Ss+Do","selector":null,"with_selector":null},"sensitive_attributes":[]}]},{"mode":"managed","type":"hcloud_firewall","name":"haproxy","provider":"provider[\"registry.opentofu.org/hetznercloud/hcloud\"]","instances":[{"schema_version":0,"attributes":{"apply_to":[],"id":"10676999","labels":{},"name":"haproxy-single-fw","rule":[{"description":"","destination_ips":[],"direction":"in","port":"22","protocol":"tcp","source_ips":["0.0.0.0/0"]},{"description":"","destination_ips":[],"direction":"in","port":"443","protocol":"tcp","source_ips":["0.0.0.0/0"]},{"description":"","destination_ips":[],"direction":"in","port":"6443","protocol":"tcp","source_ips":["0.0.0.0/0"]},{"description":"","destination_ips":[],"direction":"in","port":"80","protocol":"tcp","source_ips":["0.0.0.0/0"]},{"description":"","destination_ips":[],"direction":"in","port":"any","protocol":"tcp","source_ips":["10.0.0.0/16"]},{"description":"","destination_ips":[],"direction":"in","port":"any","protocol":"udp","source_ips":["10.0.0.0/16"]}]},"sensitive_attributes":[],"private":"bnVsbA=="}]},{"mode":"managed","type":"hcloud_firewall_attachment","name":"haproxy","provider":"provider[\"registry.opentofu.org/hetznercloud/hcloud\"]","instances":[{"schema_version":0,"attributes":{"firewall_id":10676999,"id":"10676999","label_selectors":null,"server_ids":[123328219]},"sensitive_attributes":[],"private":"bnVsbA==","dependencies":["data.hcloud_ssh_key.rancher_key","hcloud_firewall.haproxy","hcloud_server.haproxy"]}]},{"mode":"managed","type":"hcloud_server","name":"haproxy","provider":"provider[\"registry.opentofu.org/hetznercloud/hcloud\"]","instances":[{"schema_version":0,"attributes":{"allow_deprecated_images":false,"backup_window":"","backups":false,"datacenter":"nbg1-dc3","delete_protection":false,"firewall_ids":[],"id":"123328219","ignore_remote_firewall_ids":false,"image":"ubuntu-24.04","ipv4_address":"46.225.22.21","ipv6_address":"","ipv6_network":"\u003cnil\u003e","iso":null,"keep_disk":false,"labels":{"name":"skynet-haproxy-1","role":"haproxy"},"location":"nbg1","name":"skynet-haproxy-1","network":[],"placement_group_id":0,"primary_disk_size":80,"public_net":[{"ipv4":0,"ipv4_enabled":true,"ipv6":0,"ipv6_enabled":false}],"rebuild_protection":false,"rescue":null,"server_type":"cx33","shutdown_before_deletion":false,"ssh_keys":["108467314"],"status":"running","timeouts":null,"user_data":null},"sensitive_attributes":[],"private":"eyJlMmJmYjczMC1lY2FhLTExZTYtOGY4OC0zNDM2M2JjN2M0YzAiOnsiY3JlYXRlIjo1NDAwMDAwMDAwMDAwfX0=","dependencies":["data.hcloud_ssh_key.rancher_key"]}]},{"mode":"managed","type":"hcloud_server_network","name":"haproxy","provider":"provider[\"registry.opentofu.org/hetznercloud/hcloud\"]","instances":[{"schema_version":0,"attributes":{"alias_ips":[],"id":"123328219-12020354","ip":"10.0.1.21","mac_address":"86:00:00:71:ad:79","network_id":12020354,"server_id":123328219,"subnet_id":null},"sensitive_attributes":[],"dependencies":["data.hcloud_network.rancher_net","data.hcloud_ssh_key.rancher_key","hcloud_server.haproxy"]}]}],"check_results":null}
