{"version":4,"terraform_version":"1.11.5","serial":2,"lineage":"6e79d942-83a1-1f28-5c82-38065b59b4ec","outputs":{},"resources":[{"mode":"data","type":"hcloud_ssh_key","name":"rancher_key","provider":"provider[\"registry.opentofu.org/hetznercloud/hcloud\"]","instances":[{"schema_version":0,"attributes":{"fingerprint":"52:87:70:b6:c2:e8:15:77:b2:f6:3b:cb:a3:94:60:f5","id":108467314,"labels":{},"name":"ranchertest01","public_key":"ssh-ed25519 AAAAC3NzaC1lZDI1NTE5AAAAIA7uABxdcDmWoTc9BJKWJOARVWFoqrwvcoXrIX0Ss+Do","selector":null,"with_selector":null},"sensitive_attributes":[]}]},{"mode":"managed","type":"hcloud_firewall","name":"rke2","provider":"provider[\"registry.opentofu.org/hetznercloud/hcloud\"]","instances":[{"schema_version":0,"attributes":{"apply_to":[],"id":"10649397","labels":{},"name":"rke2-cluster-fw","rule":[{"description":"","destination_ips":[],"direction":"in","port":"10250","protocol":"tcp","source_ips":["10.10.1.0/24"]},{"description":"","destination_ips":[],"direction":"in","port":"22","protocol":"tcp","source_ips":["0.0.0.0/0","::/0"]},{"description":"","destination_ips":[],"direction":"in","port":"2379-2380","protocol":"tcp","source_ips":["10.10.1.0/24"]},{"description":"","destination_ips":[],"direction":"in","port":"30000-32767","protocol":"tcp","source_ips":["0.0.0.0/0","::/0"]},{"description":"","destination_ips":[],"direction":"in","port":"30000-32767","protocol":"udp","source_ips":["0.0.0.0/0","::/0"]},{"description":"","destination_ips":[],"direction":"in","port":"6443","protocol":"tcp","source_ips":["0.0.0.0/0","::/0"]},{"description":"","destination_ips":[],"direction":"in","port":"8472","protocol":"udp","source_ips":["10.10.1.0/24"]},{"description":"","destination_ips":[],"direction":"in","port":"9345","protocol":"tcp","source_ips":["10.10.1.0/24"]}]},"sensitive_attributes":[],"private":"bnVsbA=="}]},{"mode":"managed","type":"hcloud_network","name":"rke2","provider":"provider[\"registry.opentofu.org/hetznercloud/hcloud\"]","instances":[{"schema_version":0,"attributes":{"delete_protection":false,"expose_routes_to_vswitch":false,"id":"12006362","ip_range":"10.10.0.0/16","labels":null,"name":"rke2-net"},"sensitive_attributes":[],"private":"bnVsbA=="}]},{"mode":"managed","type":"hcloud_network_subnet","name":"rke2_nodes","provider":"provider[\"registry.opentofu.org/hetznercloud/hcloud\"]","instances":[{"schema_version":0,"attributes":{"gateway":"10.10.0.1","id":"12006362-10.10.1.0/24","ip_range":"10.10.1.0/24","network_id":12006362,"network_zone":"eu-central","type":"cloud","vswitch_id":null},"sensitive_attributes":[],"private":"bnVsbA==","dependencies":["hcloud_network.rke2"]}]},{"mode":"managed","type":"hcloud_server","name":"nodes","provider":"provider[\"registry.opentofu.org/hetznercloud/hcloud\"]","instances":[{"index_key":"rnch01","schema_version":0,"attributes":{"allow_deprecated_images":false,"backup_window":"","backups":false,"datacenter":"hel1-dc2","delete_protection":false,"firewall_ids":[],"id":"122957544","ignore_remote_firewall_ids":false,"image":"ubuntu-24.04","ipv4_address":"204.168.146.230","ipv6_address":"2a01:4f9:c014:b0ab::1","ipv6_network":"2a01:4f9:c014:b0ab::/64","iso":null,"keep_disk":false,"labels":{"cluster":"rke2-demo","role":"manager"},"location":"hel1","name":"rnch01","network":[],"placement_group_id":0,"primary_disk_size":80,"public_net":[],"rebuild_protection":false,"rescue":null,"server_type":"cx33","shutdown_before_deletion":false,"ssh_keys":["108467314"],"status":"running","timeouts":null,"user_data":null},"sensitive_attributes":[],"private":"eyJlMmJmYjczMC1lY2FhLTExZTYtOGY4OC0zNDM2M2JjN2M0YzAiOnsiY3JlYXRlIjo1NDAwMDAwMDAwMDAwfX0=","dependencies":["data.hcloud_ssh_key.rancher_key"]},{"index_key":"rnch02","schema_version":0,"attributes":{"allow_deprecated_images":false,"backup_window":"","backups":false,"datacenter":"hel1-dc2","delete_protection":false,"firewall_ids":[],"id":"122957545","ignore_remote_firewall_ids":false,"image":"ubuntu-24.04","ipv4_address":"89.167.63.163","ipv6_address":"2a01:4f9:c013:5d9::1","ipv6_network":"2a01:4f9:c013:5d9::/64","iso":null,"keep_disk":false,"labels":{"cluster":"rke2-demo","role":"worker"},"location":"hel1","name":"rnch02","network":[],"placement_group_id":0,"primary_disk_size":80,"public_net":[],"rebuild_protection":false,"rescue":null,"server_type":"cx33","shutdown_before_deletion":false,"ssh_keys":["108467314"],"status":"running","timeouts":null,"user_data":null},"sensitive_attributes":[],"private":"eyJlMmJmYjczMC1lY2FhLTExZTYtOGY4OC0zNDM2M2JjN2M0YzAiOnsiY3JlYXRlIjo1NDAwMDAwMDAwMDAwfX0=","dependencies":["data.hcloud_ssh_key.rancher_key"]},{"index_key":"rnch03","schema_version":0,"attributes":{"allow_deprecated_images":false,"backup_window":"","backups":false,"datacenter":"hel1-dc2","delete_protection":false,"firewall_ids":[],"id":"122957541","ignore_remote_firewall_ids":false,"image":"ubuntu-24.04","ipv4_address":"89.167.120.79","ipv6_address":"2a01:4f9:c013:3fd8::1","ipv6_network":"2a01:4f9:c013:3fd8::/64","iso":null,"keep_disk":false,"labels":{"cluster":"rke2-demo","role":"worker"},"location":"hel1","name":"rnch03","network":[],"placement_group_id":0,"primary_disk_size":80,"public_net":[],"rebuild_protection":false,"rescue":null,"server_type":"cx33","shutdown_before_deletion":false,"ssh_keys":["108467314"],"status":"running","timeouts":null,"user_data":null},"sensitive_attributes":[],"private":"eyJlMmJmYjczMC1lY2FhLTExZTYtOGY4OC0zNDM2M2JjN2M0YzAiOnsiY3JlYXRlIjo1NDAwMDAwMDAwMDAwfX0=","dependencies":["data.hcloud_ssh_key.rancher_key"]},{"index_key":"rnch04","schema_version":0,"attributes":{"allow_deprecated_images":false,"backup_window":"","backups":false,"datacenter":"hel1-dc2","delete_protection":false,"firewall_ids":[],"id":"122957540","ignore_remote_firewall_ids":false,"image":"ubuntu-24.04","ipv4_address":"65.21.0.233","ipv6_address":"2a01:4f9:c012:6864::1","ipv6_network":"2a01:4f9:c012:6864::/64","iso":null,"keep_disk":false,"labels":{"cluster":"rke2-demo","role":"worker"},"location":"hel1","name":"rnch04","network":[],"placement_group_id":0,"primary_disk_size":80,"public_net":[],"rebuild_protection":false,"rescue":null,"server_type":"cx33","shutdown_before_deletion":false,"ssh_keys":["108467314"],"status":"running","timeouts":null,"user_data":null},"sensitive_attributes":[],"private":"eyJlMmJmYjczMC1lY2FhLTExZTYtOGY4OC0zNDM2M2JjN2M0YzAiOnsiY3JlYXRlIjo1NDAwMDAwMDAwMDAwfX0=","dependencies":["data.hcloud_ssh_key.rancher_key"]},{"index_key":"rnch05","schema_version":0,"attributes":{"allow_deprecated_images":false,"backup_window":"","backups":false,"datacenter":"hel1-dc2","delete_protection":false,"firewall_ids":[],"id":"122957542","ignore_remote_firewall_ids":false,"image":"ubuntu-24.04","ipv4_address":"89.167.122.227","ipv6_address":"2a01:4f9:c014:675f::1","ipv6_network":"2a01:4f9:c014:675f::/64","iso":null,"keep_disk":false,"labels":{"cluster":"rke2-demo","role":"manager"},"location":"hel1","name":"rnch05","network":[],"placement_group_id":0,"primary_disk_size":80,"public_net":[],"rebuild_protection":false,"rescue":null,"server_type":"cx33","shutdown_before_deletion":false,"ssh_keys":["108467314"],"status":"running","timeouts":null,"user_data":null},"sensitive_attributes":[],"private":"eyJlMmJmYjczMC1lY2FhLTExZTYtOGY4OC0zNDM2M2JjN2M0YzAiOnsiY3JlYXRlIjo1NDAwMDAwMDAwMDAwfX0=","dependencies":["data.hcloud_ssh_key.rancher_key"]}]}],"check_results":null}
